
Microsoft Visual Studio Solution File, Format Version 12.00
# Visual Studio Version 17
VisualStudioVersion = 17.14.36429.23 d17.14
MinimumVisualStudioVersion = 10.0.40219.1
Project("{FAE04EC0-301F-11D3-BF4B-00C04F79EFBC}") = "2025_CS_Project", "2025_CS_Project.csproj", "{F0614CB2-7ED0-4D2D-9F0C-E2EF244BF465}"
EndProject
Global
	GlobalSection(SolutionConfigurationPlatforms) = preSolution
		Debug|Any CPU = Debug|Any CPU
		Release|Any CPU = Release|Any CPU
	EndGlobalSection
	GlobalSection(ProjectConfigurationPlatforms) = postSolution
		{F0614CB2-7ED0-4D2D-9F0C-E2EF244BF465}.Debug|Any CPU.ActiveCfg = Debug|Any CPU
		{F0614CB2-7ED0-4D2D-9F0C-E2EF244BF465}.Debug|Any CPU.Build.0 = Debug|Any CPU
		{F0614CB2-7ED0-4D2D-9F0C-E2EF244BF465}.Release|Any CPU.ActiveCfg = Release|Any CPU
		{F0614CB2-7ED0-4D2D-9F0C-E2EF244BF465}.Release|Any CPU.Build.0 = Release|Any CPU
	EndGlobalSection
	GlobalSection(SolutionProperties) = preSolution
		HideSolutionNode = FALSE
	EndGlobalSection
	GlobalSection(ExtensibilityGlobals) = postSolution
		SolutionGuid = {49CD45CD-CD68-4FFA-AB00-9A0B9032D8F9}
	EndGlobalSection
EndGlobal
